// !$*UTF8*$!
{
	archiveVersion = 1;
	classes = {
	};
	objectVersion = 50;
	objects = {

/* Begin PBXBuildFile section */
		8FFC0BBD238CB50F0073C726 /* AppDelegate.swift in Sources */ = {isa = PBXBuildFile; fileRef = 8FFC0BBC238CB50F0073C726 /* AppDelegate.swift */; };
		8FFC0BBF238CB50F0073C726 /* SceneDelegate.swift in Sources */ = {isa = PBXBuildFile; fileRef = 8FFC0BBE238CB50F0073C726 /* SceneDelegate.swift */; };
		8FFC0BC1238CB50F0073C726 /* ContentView.swift in Sources */ = {isa = PBXBuildFile; fileRef = 8FFC0BC0238CB50F0073C726 /* ContentView.swift */; };
		8FFC0BC3238CB5130073C726 /* Assets.xcassets in Resources */ = {isa = PBXBuildFile; fileRef = 8FFC0BC2238CB5130073C726 /* Assets.xcassets */; };
		8FFC0BC6238CB5130073C726 /* Preview Assets.xcassets in Resources */ = {isa = PBXBuildFile; fileRef = 8FFC0BC5238CB5130073C726 /* Preview Assets.xcassets */; };
		8FFC0BC9238CB5130073C726 /* LaunchScreen.storyboard in Resources */ = {isa = PBXBuildFile; fileRef = 8FFC0BC7238CB5130073C726 /* LaunchScreen.storyboard */; };
		8FFC0BD4238CB5140073C726 /* LoadMore_SwiftUITests.swift in Sources */ = {isa = PBXBuildFile; fileRef = 8FFC0BD3238CB5140073C726 /* LoadMore_SwiftUITests.swift */; };
		8FFC0BDF238CB5140073C726 /* LoadMore_SwiftUIUITests.swift in Sources */ = {isa = PBXBuildFile; fileRef = 8FFC0BDE238CB5140073C726 /* LoadMore_SwiftUIUITests.swift */; };
		8FFC0BED238CB51D0073C726 /* LoadMoreView.swift in Sources */ = {isa = PBXBuildFile; fileRef = 8FFC0BEC238CB51D0073C726 /* LoadMoreView.swift */; };
/* End PBXBuildFile section */

/* Begin PBXContainerItemProxy section */
		8FFC0BD0238CB5140073C726 /* PBXContainerItemProxy */ = {
			isa = PBXContainerItemProxy;
			containerPortal = 8FFC0BB1238CB50F0073C726 /* Project object */;
			proxyType = 1;
			remoteGlobalIDString = 8FFC0BB8238CB50F0073C726;
			remoteInfo = "LoadMore-SwiftUI";
		};
		8FFC0BDB238CB5140073C726 /* PBXContainerItemProxy */ = {
			isa = PBXContainerItemProxy;
			containerPortal = 8FFC0BB1238CB50F0073C726 /* Project object */;
			proxyType = 1;
			remoteGlobalIDString = 8FFC0BB8238CB50F0073C726;
			remoteInfo = "LoadMore-SwiftUI";
		};
/* End PBXContainerItemProxy section */

/* Begin PBXFileReference section */
		8FFC0BB9238CB50F0073C726 /* LoadMore-SwiftUI.app */ = {isa = PBXFileReference; explicitFileType = wrapper.application; includeInIndex = 0; path = "LoadMore-SwiftUI.app"; sourceTree = BUILT_PRODUCTS_DIR; };
		8FFC0BBC238CB50F0073C726 /* AppDelegate.swift */ = {isa = PBXFileReference; lastKnownFileType = sourcecode.swift; path = AppDelegate.swift; sourceTree = "<group>"; };
		8FFC0BBE238CB50F0073C726 /* SceneDelegate.swift */ = {isa = PBXFileReference; lastKnownFileType = sourcecode.swift; path = SceneDelegate.swift; sourceTree = "<group>"; };
		8FFC0BC0238CB50F0073C726 /* ContentView.swift */ = {isa = PBXFileReference; lastKnownFileType = sourcecode.swift; path = ContentView.swift; sourceTree = "<group>"; };
		8FFC0BC2238CB5130073C726 /* Assets.xcassets */ = {isa = PBXFileReference; lastKnownFileType = folder.assetcatalog; path = Assets.xcassets; sourceTree = "<group>"; };
		8FFC0BC5238CB5130073C726 /* Preview Assets.xcassets */ = {isa = PBXFileReference; lastKnownFileType = folder.assetcatalog; path = "Preview Assets.xcassets"; sourceTree = "<group>"; };
		8FFC0BC8238CB5130073C726 /* Base */ = {isa = PBXFileReference; lastKnownFileType = file.storyboard; name = Base; path = Base.lproj/LaunchScreen.storyboard; sourceTree = "<group>"; };
		8FFC0BCA238CB5130073C726 /* Info.plist */ = {isa = PBXFileReference; lastKnownFileType = text.plist.xml; path = Info.plist; sourceTree = "<group>"; };
		8FFC0BCF238CB5140073C726 /* LoadMore-SwiftUITests.xctest */ = {isa = PBXFileReference; explicitFileType = wrapper.cfbundle; includeInIndex = 0; path = "LoadMore-SwiftUITests.xctest"; sourceTree = BUILT_PRODUCTS_DIR; };
		8FFC0BD3238CB5140073C726 /* LoadMore_SwiftUITests.swift */ = {isa = PBXFileReference; lastKnownFileType = sourcecode.swift; path = LoadMore_SwiftUITests.swift; sourceTree = "<group>"; };
		8FFC0BD5238CB5140073C726 /* Info.plist */ = {isa = PBXFileReference; lastKnownFileType = text.plist.xml; path = Info.plist; sourceTree = "<group>"; };
		8FFC0BDA238CB5140073C726 /* LoadMore-SwiftUIUITests.xctest */ = {isa = PBXFileReference; explicitFileType = wrapper.cfbundle; includeInIndex = 0; path = "LoadMore-SwiftUIUITests.xctest"; sourceTree = BUILT_PRODUCTS_DIR; };
		8FFC0BDE238CB5140073C726 /* LoadMore_SwiftUIUITests.swift */ = {isa = PBXFileReference; lastKnownFileType = sourcecode.swift; path = LoadMore_SwiftUIUITests.swift; sourceTree = "<group>"; };
		8FFC0BE0238CB5140073C726 /* Info.plist */ = {isa = PBXFileReference; lastKnownFileType = text.plist.xml; path = Info.plist; sourceTree = "<group>"; };
		8FFC0BEC238CB51D0073C726 /* LoadMoreView.swift */ = {isa = PBXFileReference; fileEncoding = 4; lastKnownFileType = sourcecode.swift; path = LoadMoreView.swift; sourceTree = "<group>"; };
/* End PBXFileReference section */

/* Begin PBXFrameworksBuildPhase section */
		8FFC0BB6238CB50F0073C726 /* Frameworks */ = {
			isa = PBXFrameworksBuildPhase;
			buildActionMask = 2147483647;
			files = (
			);
			runOnlyForDeploymentPostprocessing = 0;
		};
		8FFC0BCC238CB5140073C726 /* Frameworks */ = {
			isa = PBXFrameworksBuildPhase;
			buildActionMask = 2147483647;
			files = (
			);
			runOnlyForDeploymentPostprocessing = 0;
		};
		8FFC0BD7238CB5140073C726 /* Frameworks */ = {
			isa = PBXFrameworksBuildPhase;
			buildActionMask = 2147483647;
			files = (
			);
			runOnlyForDeploymentPostprocessing = 0;
		};
/* End PBXFrameworksBuildPhase section */

/* Begin PBXGroup section */
		8FFC0BB0238CB50F0073C726 = {
			isa = PBXGroup;
			children = (
				8FFC0BBB238CB50F0073C726 /* LoadMore-SwiftUI */,
				8FFC0BD2238CB5140073C726 /* LoadMore-SwiftUITests */,
				8FFC0BDD238CB5140073C726 /* LoadMore-SwiftUIUITests */,
				8FFC0BBA238CB50F0073C726 /* Products */,
			);
			sourceTree = "<group>";
		};
		8FFC0BBA238CB50F0073C726 /* Products */ = {
			isa = PBXGroup;
			children = (
				8FFC0BB9238CB50F0073C726 /* LoadMore-SwiftUI.app */,
				8FFC0BCF238CB5140073C726 /* LoadMore-SwiftUITests.xctest */,
				8FFC0BDA238CB5140073C726 /* LoadMore-SwiftUIUITests.xctest */,
			);
			name = Products;
			sourceTree = "<group>";
		};
		8FFC0BBB238CB50F0073C726 /* LoadMore-SwiftUI */ = {
			isa = PBXGroup;
			children = (
				8FFC0BBC238CB50F0073C726 /* AppDelegate.swift */,
				8FFC0BBE238CB50F0073C726 /* SceneDelegate.swift */,
				8FFC0BC0238CB50F0073C726 /* ContentView.swift */,
				8FFC0BEC238CB51D0073C726 /* LoadMoreView.swift */,
				8FFC0BC2238CB5130073C726 /* Assets.xcassets */,
				8FFC0BC7238CB5130073C726 /* LaunchScreen.storyboard */,
				8FFC0BCA238CB5130073C726 /* Info.plist */,
				8FFC0BC4238CB5130073C726 /* Preview Content */,
			);
			path = "LoadMore-SwiftUI";
			sourceTree = "<group>";
		};
		8FFC0BC4238CB5130073C726 /* Preview Content */ = {
			isa = PBXGroup;
			children = (
				8FFC0BC5238CB5130073C726 /* Preview Assets.xcassets */,
			);
			path = "Preview Content";
			sourceTree = "<group>";
		};
		8FFC0BD2238CB5140073C726 /* LoadMore-SwiftUITests */ = {
			isa = PBXGroup;
			children = (
				8FFC0BD3238CB5140073C726 /* LoadMore_SwiftUITests.swift */,
				8FFC0BD5238CB5140073C726 /* Info.plist */,
			);
			path = "LoadMore-SwiftUITests";
			sourceTree = "<group>";
		};
		8FFC0BDD238CB5140073C726 /* LoadMore-SwiftUIUITests */ = {
			isa = PBXGroup;
			children = (
				8FFC0BDE238CB5140073C726 /* LoadMore_SwiftUIUITests.swift */,
				8FFC0BE0238CB5140073C726 /* Info.plist */,
			);
			path = "LoadMore-SwiftUIUITests";
			sourceTree = "<group>";
		};
/* End PBXGroup section */

/* Begin PBXNativeTarget section */
		8FFC0BB8238CB50F0073C726 /* LoadMore-SwiftUI */ = {
			isa = PBXNativeTarget;
			buildConfigurationList = 8FFC0BE3238CB5140073C726 /* Build configuration list for PBXNativeTarget "LoadMore-SwiftUI" */;
			buildPhases = (
				8FFC0BB5238CB50F0073C726 /* Sources */,
				8FFC0BB6238CB50F0073C726 /* Frameworks */,
				8FFC0BB7238CB50F0073C726 /* Resources */,
			);
			buildRules = (
			);
			dependencies = (
			);
			name = "LoadMore-SwiftUI";
			productName = "LoadMore-SwiftUI";
			productReference = 8FFC0BB9238CB50F0073C726 /* LoadMore-SwiftUI.app */;
			productType = "com.apple.product-type.application";
		};
		8FFC0BCE238CB5140073C726 /* LoadMore-SwiftUITests */ = {
			isa = PBXNativeTarget;
			buildConfigurationList = 8FFC0BE6238CB5140073C726 /* Build configuration list for PBXNativeTarget "LoadMore-SwiftUITests" */;
			buildPhases = (
				8FFC0BCB238CB5140073C726 /* Sources */,
				8FFC0BCC238CB5140073C726 /* Frameworks */,
				8FFC0BCD238CB5140073C726 /* Resources */,
			);
			buildRules = (
			);
			dependencies = (
				8FFC0BD1238CB5140073C726 /* PBXTargetDependency */,
			);
			name = "LoadMore-SwiftUITests";
			productName = "LoadMore-SwiftUITests";
			productReference = 8FFC0BCF238CB5140073C726 /* LoadMore-SwiftUITests.xctest */;
			productType = "com.apple.product-type.bundle.unit-test";
		};
		8FFC0BD9238CB5140073C726 /* LoadMore-SwiftUIUITests */ = {
			isa = PBXNativeTarget;
			buildConfigurationList = 8FFC0BE9238CB5140073C726 /* Build configuration list for PBXNativeTarget "LoadMore-SwiftUIUITests" */;
			buildPhases = (
				8FFC0BD6238CB5140073C726 /* Sources */,
				8FFC0BD7238CB5140073C726 /* Frameworks */,
				8FFC0BD8238CB5140073C726 /* Resources */,
			);
			buildRules = (
			);
			dependencies = (
				8FFC0BDC238CB5140073C726 /* PBXTargetDependency */,
			);
			name = "LoadMore-SwiftUIUITests";
			productName = "LoadMore-SwiftUIUITests";
			productReference = 8FFC0BDA238CB5140073C726 /* LoadMore-SwiftUIUITests.xctest */;
			productType = "com.apple.product-type.bundle.ui-testing";
		};
/* End PBXNativeTarget section */

/* Begin PBXProject section */
		8FFC0BB1238CB50F0073C726 /* Project object */ = {
			isa = PBXProject;
			attributes = {
				LastSwiftUpdateCheck = 1120;
				LastUpgradeCheck = 1120;
				ORGANIZATIONNAME = chs;
				TargetAttributes = {
					8FFC0BB8238CB50F0073C726 = {
						CreatedOnToolsVersion = 11.2.1;
					};
					8FFC0BCE238CB5140073C726 = {
						CreatedOnToolsVersion = 11.2.1;
						TestTargetID = 8FFC0BB8238CB50F0073C726;
					};
					8FFC0BD9238CB5140073C726 = {
						CreatedOnToolsVersion = 11.2.1;
						TestTargetID = 8FFC0BB8238CB50F0073C726;
					};
				};
			};
			buildConfigurationList = 8FFC0BB4238CB50F0073C726 /* Build configuration list for PBXProject "LoadMore-SwiftUI" */;
			compatibilityVersion = "Xcode 9.3";
			developmentRegion = en;
			hasScannedForEncodings = 0;
			knownRegions = (
				en,
				Base,
			);
			mainGroup = 8FFC0BB0238CB50F0073C726;
			productRefGroup = 8FFC0BBA238CB50F0073C726 /* Products */;
			projectDirPath = "";
			projectRoot = "";
			targets = (
				8FFC0BB8238CB50F0073C726 /* LoadMore-SwiftUI */,
				8FFC0BCE238CB5140073C726 /* LoadMore-SwiftUITests */,
				8FFC0BD9238CB5140073C726 /* LoadMore-SwiftUIUITests */,
			);
		};
/* End PBXProject section */

/* Begin PBXResourcesBuildPhase section */
		8FFC0BB7238CB50F0073C726 /* Resources */ = {
			isa = PBXResourcesBuildPhase;
			buildActionMask = 2147483647;
			files = (
				8FFC0BC9238CB5130073C726 /* LaunchScreen.storyboard in Resources */,
				8FFC0BC6238CB5130073C726 /* Preview Assets.xcassets in Resources */,
				8FFC0BC3238CB5130073C726 /* Assets.xcassets in Resources */,
			);
			runOnlyForDeploymentPostprocessing = 0;
		};
		8FFC0BCD238CB5140073C726 /* Resources */ = {
			isa = PBXResourcesBuildPhase;
			buildActionMask = 2147483647;
			files = (
			);
			runOnlyForDeploymentPostprocessing = 0;
		};
		8FFC0BD8238CB5140073C726 /* Resources */ = {
			isa = PBXResourcesBuildPhase;
			buildActionMask = 2147483647;
			files = (
			);
			runOnlyForDeploymentPostprocessing = 0;
		};
/* End PBXResourcesBuildPhase section */

/* Begin PBXSourcesBuildPhase section */
		8FFC0BB5238CB50F0073C726 /* Sources */ = {
			isa = PBXSourcesBuildPhase;
			buildActionMask = 2147483647;
			files = (
				8FFC0BBD238CB50F0073C726 /* AppDelegate.swift in Sources */,
				8FFC0BBF238CB50F0073C726 /* SceneDelegate.swift in Sources */,
				8FFC0BC1238CB50F0073C726 /* ContentView.swift in Sources */,
				8FFC0BED238CB51D0073C726 /* LoadMoreView.swift in Sources */,
			);
			runOnlyForDeploymentPostprocessing = 0;
		};
		8FFC0BCB238CB5140073C726 /* Sources */ = {
			isa = PBXSourcesBuildPhase;
			buildActionMask = 2147483647;
			files = (
				8FFC0BD4238CB5140073C726 /* LoadMore_SwiftUITests.swift in Sources */,
			);
			runOnlyForDeploymentPostprocessing = 0;
		};
		8FFC0BD6238CB5140073C726 /* Sources */ = {
			isa = PBXSourcesBuildPhase;
			buildActionMask = 2147483647;
			files = (
				8FFC0BDF238CB5140073C726 /* LoadMore_SwiftUIUITests.swift in Sources */,
			);
			runOnlyForDeploymentPostprocessing = 0;
		};
/* End PBXSourcesBuildPhase section */

/* Begin PBXTargetDependency section */
		8FFC0BD1238CB5140073C726 /* PBXTargetDependency */ = {
			isa = PBXTargetDependency;
			target = 8FFC0BB8238CB50F0073C726 /* LoadMore-SwiftUI */;
			targetProxy = 8FFC0BD0238CB5140073C726 /* PBXContainerItemProxy */;
		};
		8FFC0BDC238CB5140073C726 /* PBXTargetDependency */ = {
			isa = PBXTargetDependency;
			target = 8FFC0BB8238CB50F0073C726 /* LoadMore-SwiftUI */;
			targetProxy = 8FFC0BDB238CB5140073C726 /* PBXContainerItemProxy */;
		};
/* End PBXTargetDependency section */

/* Begin PBXVariantGroup section */
		8FFC0BC7238CB5130073C726 /* LaunchScreen.storyboard */ = {
			isa = PBXVariantGroup;
			children = (
				8FFC0BC8238CB5130073C726 /* Base */,
			);
			name = LaunchScreen.storyboard;
			sourceTree = "<group>";
		};
/* End PBXVariantGroup section */

/* Begin XCBuildConfiguration section */
		8FFC0BE1238CB5140073C726 /* Debug */ = {
			isa = XCBuildConfiguration;
			buildSettings = {
				ALWAYS_SEARCH_USER_PATHS = NO;
				CLANG_ANALYZER_NONNULL = YES;
				CLANG_ANALYZER_NUMBER_OBJECT_CONVERSION = YES_AGGRESSIVE;
				CLANG_CXX_LANGUAGE_STANDARD = "gnu++14";
				CLANG_CXX_LIBRARY = "libc++";
				CLANG_ENABLE_MODULES = YES;
				CLANG_ENABLE_OBJC_ARC = YES;
				CLANG_ENABLE_OBJC_WEAK = YES;
				CLANG_WARN_BLOCK_CAPTURE_AUTORELEASING = YES;
				CLANG_WARN_BOOL_CONVERSION = YES;
				CLANG_WARN_COMMA = YES;
				CLANG_WARN_CONSTANT_CONVERSION = YES;
				CLANG_WARN_DEPRECATED_OBJC_IMPLEMENTATIONS = YES;
				CLANG_WARN_DIRECT_OBJC_ISA_USAGE = YES_ERROR;
				CLANG_WARN_DOCUMENTATION_COMMENTS = YES;
				CLANG_WARN_EMPTY_BODY = YES;
				CLANG_WARN_ENUM_CONVERSION = YES;
				CLANG_WARN_INFINITE_RECURSION = YES;
				CLANG_WARN_INT_CONVERSION = YES;
				CLANG_WARN_NON_LITERAL_NULL_CONVERSION = YES;
				CLANG_WARN_OBJC_IMPLICIT_RETAIN_SELF = YES;
				CLANG_WARN_OBJC_LITERAL_CONVERSION = YES;
				CLANG_WARN_OBJC_ROOT_CLASS = YES_ERROR;
				CLANG_WARN_RANGE_LOOP_ANALYSIS = YES;
				CLANG_WARN_STRICT_PROTOTYPES = YES;
				CLANG_WARN_SUSPICIOUS_MOVE = YES;
				CLANG_WARN_UNGUARDED_AVAILABILITY = YES_AGGRESSIVE;
				CLANG_WARN_UNREACHABLE_CODE = YES;
				CLANG_WARN__DUPLICATE_METHOD_MATCH = YES;
				COPY_PHASE_STRIP = NO;
				DEBUG_INFORMATION_FORMAT = dwarf;
				ENABLE_STRICT_OBJC_MSGSEND = YES;
				ENABLE_TESTABILITY = YES;
				GCC_C_LANGUAGE_STANDARD = gnu11;
				GCC_DYNAMIC_NO_PIC = NO;
				GCC_NO_COMMON_BLOCKS = YES;
				GCC_OPTIMIZATION_LEVEL = 0;
				GCC_PREPROCESSOR_DEFINITIONS = (
					"DEBUG=1",
					"$(inherited)",
				);
				GCC_WARN_64_TO_32_BIT_CONVERSION = YES;
				GCC_WARN_ABOUT_RETURN_TYPE = YES_ERROR;
				GCC_WARN_UNDECLARED_SELECTOR = YES;
				GCC_WARN_UNINITIALIZED_AUTOS = YES_AGGRESSIVE;
				GCC_WARN_UNUSED_FUNCTION = YES;
				GCC_WARN_UNUSED_VARIABLE = YES;
				IPHONEOS_DEPLOYMENT_TARGET = 13.2;
				MTL_ENABLE_DEBUG_INFO = INCLUDE_SOURCE;
				MTL_FAST_MATH = YES;
				ONLY_ACTIVE_ARCH = YES;
				SDKROOT = iphoneos;
				SWIFT_ACTIVE_COMPILATION_CONDITIONS = DEBUG;
				SWIFT_OPTIMIZATION_LEVEL = "-Onone";
			};
			name = Debug;
		};
		8FFC0BE2238CB5140073C726 /* Release */ = {
			isa = XCBuildConfiguration;
			buildSettings = {
				ALWAYS_SEARCH_USER_PATHS = NO;
				CLANG_ANALYZER_NONNULL = YES;
				CLANG_ANALYZER_NUMBER_OBJECT_CONVERSION = YES_AGGRESSIVE;
				CLANG_CXX_LANGUAGE_STANDARD = "gnu++14";
				CLANG_CXX_LIBRARY = "libc++";
				CLANG_ENABLE_MODULES = YES;
				CLANG_ENABLE_OBJC_ARC = YES;
				CLANG_ENABLE_OBJC_WEAK = YES;
				CLANG_WARN_BLOCK_CAPTURE_AUTORELEASING = YES;
				CLANG_WARN_BOOL_CONVERSION = YES;
				CLANG_WARN_COMMA = YES;
				CLANG_WARN_CONSTANT_CONVERSION = YES;
				CLANG_WARN_DEPRECATED_OBJC_IMPLEMENTATIONS = YES;
				CLANG_WARN_DIRECT_OBJC_ISA_USAGE = YES_ERROR;
				CLANG_WARN_DOCUMENTATION_COMMENTS = YES;
				CLANG_WARN_EMPTY_BODY = YES;
				CLANG_WARN_ENUM_CONVERSION = YES;
				CLANG_WARN_INFINITE_RECURSION = YES;
				CLANG_WARN_INT_CONVERSION = YES;
				CLANG_WARN_NON_LITERAL_NULL_CONVERSION = YES;
				CLANG_WARN_OBJC_IMPLICIT_RETAIN_SELF = YES;
				CLANG_WARN_OBJC_LITERAL_CONVERSION = YES;
				CLANG_WARN_OBJC_ROOT_CLASS = YES_ERROR;
				CLANG_WARN_RANGE_LOOP_ANALYSIS = YES;
				CLANG_WARN_STRICT_PROTOTYPES = YES;
				CLANG_WARN_SUSPICIOUS_MOVE = YES;
				CLANG_WARN_UNGUARDED_AVAILABILITY = YES_AGGRESSIVE;
				CLANG_WARN_UNREACHABLE_CODE = YES;
				CLANG_WARN__DUPLICATE_METHOD_MATCH = YES;
				COPY_PHASE_STRIP = NO;
				DEBUG_INFORMATION_FORMAT = "dwarf-with-dsym";
				ENABLE_NS_ASSERTIONS = NO;
				ENABLE_STRICT_OBJC_MSGSEND = YES;
				GCC_C_LANGUAGE_STANDARD = gnu11;
				GCC_NO_COMMON_BLOCKS = YES;
				GCC_WARN_64_TO_32_BIT_CONVERSION = YES;
				GCC_WARN_ABOUT_RETURN_TYPE = YES_ERROR;
				GCC_WARN_UNDECLARED_SELECTOR = YES;
				GCC_WARN_UNINITIALIZED_AUTOS = YES_AGGRESSIVE;
				GCC_WARN_UNUSED_FUNCTION = YES;
				GCC_WARN_UNUSED_VARIABLE = YES;
				IPHONEOS_DEPLOYMENT_TARGET = 13.2;
				MTL_ENABLE_DEBUG_INFO = NO;
				MTL_FAST_MATH = YES;
				SDKROOT = iphoneos;
				SWIFT_COMPILATION_MODE = wholemodule;
				SWIFT_OPTIMIZATION_LEVEL = "-O";
				VALIDATE_PRODUCT = YES;
			};
			name = Release;
		};
		8FFC0BE4238CB5140073C726 /* Debug */ = {
			isa = XCBuildConfiguration;
			buildSettings = {
				ASSETCATALOG_COMPILER_APPICON_NAME = AppIcon;
				CODE_SIGN_STYLE = Automatic;
				DEVELOPMENT_ASSET_PATHS = "\"LoadMore-SwiftUI/Preview Content\"";
				ENABLE_PREVIEWS = YES;
				INFOPLIST_FILE = "LoadMore-SwiftUI/Info.plist";
				LD_RUNPATH_SEARCH_PATHS = (
					"$(inherited)",
					"@executable_path/Frameworks",
				);
				PRODUCT_BUNDLE_IDENTIFIER = "chs.LoadMore-SwiftUI";
				PRODUCT_NAME = "$(TARGET_NAME)";
				SWIFT_VERSION = 5.0;
				TARGETED_DEVICE_FAMILY = "1,2";
			};
			name = Debug;
		};
		8FFC0BE5238CB5140073C726 /* Release */ = {
			isa = XCBuildConfiguration;
			buildSettings = {
				ASSETCATALOG_COMPILER_APPICON_NAME = AppIcon;
				CODE_SIGN_STYLE = Automatic;
				DEVELOPMENT_ASSET_PATHS = "\"LoadMore-SwiftUI/Preview Content\"";
				ENABLE_PREVIEWS = YES;
				INFOPLIST_FILE = "LoadMore-SwiftUI/Info.plist";
				LD_RUNPATH_SEARCH_PATHS = (
					"$(inherited)",
					"@executable_path/Frameworks",
				);
				PRODUCT_BUNDLE_IDENTIFIER = "chs.LoadMore-SwiftUI";
				PRODUCT_NAME = "$(TARGET_NAME)";
				SWIFT_VERSION = 5.0;
				TARGETED_DEVICE_FAMILY = "1,2";
			};
			name = Release;
		};
		8FFC0BE7238CB5140073C726 /* Debug */ = {
			isa = XCBuildConfiguration;
			buildSettings = {
				ALWAYS_EMBED_SWIFT_STANDARD_LIBRARIES = YES;
				BUNDLE_LOADER = "$(TEST_HOST)";
				CODE_SIGN_STYLE = Automatic;
				INFOPLIST_FILE = "LoadMore-SwiftUITests/Info.plist";
				IPHONEOS_DEPLOYMENT_TARGET = 13.2;
				LD_RUNPATH_SEARCH_PATHS = (
					"$(inherited)",
					"@executable_path/Frameworks",
					"@loader_path/Frameworks",
				);
				PRODUCT_BUNDLE_IDENTIFIER = "chs.LoadMore-SwiftUITests";
				PRODUCT_NAME = "$(TARGET_NAME)";
				SWIFT_VERSION = 5.0;
				TARGETED_DEVICE_FAMILY = "1,2";
				TEST_HOST = "$(BUILT_PRODUCTS_DIR)/LoadMore-SwiftUI.app/LoadMore-SwiftUI";
			};
			name = Debug;
		};
		8FFC0BE8238CB5140073C726 /* Release */ = {
			isa = XCBuildConfiguration;
			buildSettings = {
				ALWAYS_EMBED_SWIFT_STANDARD_LIBRARIES = YES;
				BUNDLE_LOADER = "$(TEST_HOST)";
				CODE_SIGN_STYLE = Automatic;
				INFOPLIST_FILE = "LoadMore-SwiftUITests/Info.plist";
				IPHONEOS_DEPLOYMENT_TARGET = 13.2;
				LD_RUNPATH_SEARCH_PATHS = (
					"$(inherited)",
					"@executable_path/Frameworks",
					"@loader_path/Frameworks",
				);
				PRODUCT_BUNDLE_IDENTIFIER = "chs.LoadMore-SwiftUITests";
				PRODUCT_NAME = "$(TARGET_NAME)";
				SWIFT_VERSION = 5.0;
				TARGETED_DEVICE_FAMILY = "1,2";
				TEST_HOST = "$(BUILT_PRODUCTS_DIR)/LoadMore-SwiftUI.app/LoadMore-SwiftUI";
			};
			name = Release;
		};
		8FFC0BEA238CB5140073C726 /* Debug */ = {
			isa = XCBuildConfiguration;
			buildSettings = {
				ALWAYS_EMBED_SWIFT_STANDARD_LIBRARIES = YES;
				CODE_SIGN_STYLE = Automatic;
				INFOPLIST_FILE = "LoadMore-SwiftUIUITests/Info.plist";
				LD_RUNPATH_SEARCH_PATHS = (
					"$(inherited)",
					"@executable_path/Frameworks",
					"@loader_path/Frameworks",
				);
				PRODUCT_BUNDLE_IDENTIFIER = "chs.LoadMore-SwiftUIUITests";
				PRODUCT_NAME = "$(TARGET_NAME)";
				SWIFT_VERSION = 5.0;
				TARGETED_DEVICE_FAMILY = "1,2";
				TEST_TARGET_NAME = "LoadMore-SwiftUI";
			};
			name = Debug;
		};
		8FFC0BEB238CB5140073C726 /* Release */ = {
			isa = XCBuildConfiguration;
			buildSettings = {
				ALWAYS_EMBED_SWIFT_STANDARD_LIBRARIES = YES;
				CODE_SIGN_STYLE = Automatic;
				INFOPLIST_FILE = "LoadMore-SwiftUIUITests/Info.plist";
				LD_RUNPATH_SEARCH_PATHS = (
					"$(inherited)",
					"@executable_path/Frameworks",
					"@loader_path/Frameworks",
				);
				PRODUCT_BUNDLE_IDENTIFIER = "chs.LoadMore-SwiftUIUITests";
				PRODUCT_NAME = "$(TARGET_NAME)";
				SWIFT_VERSION = 5.0;
				TARGETED_DEVICE_FAMILY = "1,2";
				TEST_TARGET_NAME = "LoadMore-SwiftUI";
			};
			name = Release;
		};
/* End XCBuildConfiguration section */

/* Begin XCConfigurationList section */
		8FFC0BB4238CB50F0073C726 /* Build configuration list for PBXProject "LoadMore-SwiftUI" */ = {
			isa = XCConfigurationList;
			buildConfigurations = (
				8FFC0BE1238CB5140073C726 /* Debug */,
				8FFC0BE2238CB5140073C726 /* Release */,
			);
			defaultConfigurationIsVisible = 0;
			defaultConfigurationName = Release;
		};
		8FFC0BE3238CB5140073C726 /* Build configuration list for PBXNativeTarget "LoadMore-SwiftUI" */ = {
			isa = XCConfigurationList;
			buildConfigurations = (
				8FFC0BE4238CB5140073C726 /* Debug */,
				8FFC0BE5238CB5140073C726 /* Release */,
			);
			defaultConfigurationIsVisible = 0;
			defaultConfigurationName = Release;
		};
		8FFC0BE6238CB5140073C726 /* Build configuration list for PBXNativeTarget "LoadMore-SwiftUITests" */ = {
			isa = XCConfigurationList;
			buildConfigurations = (
				8FFC0BE7238CB5140073C726 /* Debug */,
				8FFC0BE8238CB5140073C726 /* Release */,
			);
			defaultConfigurationIsVisible = 0;
			defaultConfigurationName = Release;
		};
		8FFC0BE9238CB5140073C726 /* Build configuration list for PBXNativeTarget "LoadMore-SwiftUIUITests" */ = {
			isa = XCConfigurationList;
			buildConfigurations = (
				8FFC0BEA238CB5140073C726 /* Debug */,
				8FFC0BEB238CB5140073C726 /* Release */,
			);
			defaultConfigurationIsVisible = 0;
			defaultConfigurationName = Release;
		};
/* End XCConfigurationList section */
	};
	rootObject = 8FFC0BB1238CB50F0073C726 /* Project object */;
}
